
Microsoft Visual Studio Solution File, Format Version 12.00
# Visual Studio 15
VisualStudioVersion = 15.0.28307.1082
MinimumVisualStudioVersion = 10.0.40219.1
Project("{FAE04EC0-301F-11D3-BF4B-00C04F79EFBC}") = "AngularWebApp", "AngularWebApp\AngularWebApp.csproj", "{FFDEC029-C925-403D-AD50-08B5F0256467}"
EndProject
Global
	GlobalSection(SolutionConfigurationPlatforms) = preSolution
		Debug|Any CPU = Debug|Any CPU
		Release|Any CPU = Release|Any CPU
	EndGlobalSection
	GlobalSection(ProjectConfigurationPlatforms) = postSolution
		{FFDEC029-C925-403D-AD50-08B5F0256467}.Debug|Any CPU.ActiveCfg = Debug|Any CPU
		{FFDEC029-C925-403D-AD50-08B5F0256467}.Debug|Any CPU.Build.0 = Debug|Any CPU
		{FFDEC029-C925-403D-AD50-08B5F0256467}.Release|Any CPU.ActiveCfg = Release|Any CPU
		{FFDEC029-C925-403D-AD50-08B5F0256467}.Release|Any CPU.Build.0 = Release|Any CPU
	EndGlobalSection
	GlobalSection(SolutionProperties) = preSolution
		HideSolutionNode = FALSE
	EndGlobalSection
	GlobalSection(ExtensibilityGlobals) = postSolution
		SolutionGuid = {005EF18F-4184-48F1-AB31-8D709436DDAD}
	EndGlobalSection
EndGlobal
